
Microsoft Visual Studio Solution File, Format Version 12.00
# Visual Studio Version 16
VisualStudioVersion = 16.0.29806.167
MinimumVisualStudioVersion = 10.0.40219.1
Project("{FAE04EC0-301F-11D3-BF4B-00C04F79EFBC}") = "Addin-Excel-FII", "AddinInvs\Addin-Excel-FII.csproj", "{DEDA3A51-BACB-4908-A342-6470BEF17DBC}"
EndProject
Global
	GlobalSection(SolutionConfigurationPlatforms) = preSolution
		Debug|Any CPU = Debug|Any CPU
		Release|Any CPU = Release|Any CPU
	EndGlobalSection
	GlobalSection(ProjectConfigurationPlatforms) = postSolution
		{DEDA3A51-BACB-4908-A342-6470BEF17DBC}.Debug|Any CPU.ActiveCfg = Debug|Any CPU
		{DEDA3A51-BACB-4908-A342-6470BEF17DBC}.Debug|Any CPU.Build.0 = Debug|Any CPU
		{DEDA3A51-BACB-4908-A342-6470BEF17DBC}.Release|Any CPU.ActiveCfg = Release|Any CPU
		{DEDA3A51-BACB-4908-A342-6470BEF17DBC}.Release|Any CPU.Build.0 = Release|Any CPU
	EndGlobalSection
	GlobalSection(SolutionProperties) = preSolution
		HideSolutionNode = FALSE
	EndGlobalSection
	GlobalSection(ExtensibilityGlobals) = postSolution
		SolutionGuid = {0309FE47-E0C5-44A2-9A45-94B00B2FCAE4}
	EndGlobalSection
EndGlobal
